
Microsoft Visual Studio Solution File, Format Version 12.00
# Visual Studio Version 17
VisualStudioVersion = 17.5.002.0
MinimumVisualStudioVersion = 10.0.40219.1
Project("{9A19103F-16F7-4668-BE54-9A1E7A4F7556}") = "ToDoapp", "ToDoapp.csproj", "{A6C812CB-5CEA-4F05-BC23-AC6BA57E9E2D}"
EndProject
Global
	GlobalSection(SolutionConfigurationPlatforms) = preSolution
		Debug|Any CPU = Debug|Any CPU
		Release|Any CPU = Release|Any CPU
	EndGlobalSection
	GlobalSection(ProjectConfigurationPlatforms) = postSolution
		{A6C812CB-5CEA-4F05-BC23-AC6BA57E9E2D}.Debug|Any CPU.ActiveCfg = Debug|Any CPU
		{A6C812CB-5CEA-4F05-BC23-AC6BA57E9E2D}.Debug|Any CPU.Build.0 = Debug|Any CPU
		{A6C812CB-5CEA-4F05-BC23-AC6BA57E9E2D}.Release|Any CPU.ActiveCfg = Release|Any CPU
		{A6C812CB-5CEA-4F05-BC23-AC6BA57E9E2D}.Release|Any CPU.Build.0 = Release|Any CPU
	EndGlobalSection
	GlobalSection(SolutionProperties) = preSolution
		HideSolutionNode = FALSE
	EndGlobalSection
	GlobalSection(ExtensibilityGlobals) = postSolution
		SolutionGuid = {595664B6-F361-4432-81BE-65BE4DACDE3C}
	EndGlobalSection
EndGlobal
